
Microsoft Visual Studio Solution File, Format Version 12.00
# Visual Studio Version 17
VisualStudioVersion = 17.14.36603.0
MinimumVisualStudioVersion = 10.0.40219.1
Project("{FAE04EC0-301F-11D3-BF4B-00C04F79EFBC}") = "Clashdetector", "Clashdetector.csproj", "{6E5C7080-BFB0-4F0A-9F05-DD898EA791A9}"
EndProject
Project("{FAE04EC0-301F-11D3-BF4B-00C04F79EFBC}") = "Clashdetector.Core", "Clashdetector.Core\Clashdetector.Core.csproj", "{B2FD9C19-DFFF-48A1-92A2-0A1B2D0EA825}"
EndProject
Project("{FAE04EC0-301F-11D3-BF4B-00C04F79EFBC}") = "Clashdetector.Core.Tests", "Clashdetector.Core.Tests\Clashdetector.Core.Tests.csproj", "{646D0708-98C1-4652-B855-2165ED690A0B}"
EndProject
Global
	GlobalSection(SolutionConfigurationPlatforms) = preSolution
		Debug|Any CPU = Debug|Any CPU
		Debug|x64 = Debug|x64
		Debug|x86 = Debug|x86
		Release|Any CPU = Release|Any CPU
		Release|x64 = Release|x64
		Release|x86 = Release|x86
	EndGlobalSection
	GlobalSection(ProjectConfigurationPlatforms) = postSolution
		{6E5C7080-BFB0-4F0A-9F05-DD898EA791A9}.Debug|Any CPU.ActiveCfg = Debug|Any CPU
		{6E5C7080-BFB0-4F0A-9F05-DD898EA791A9}.Debug|Any CPU.Build.0 = Debug|Any CPU
		{6E5C7080-BFB0-4F0A-9F05-DD898EA791A9}.Debug|x64.ActiveCfg = Debug|Any CPU
		{6E5C7080-BFB0-4F0A-9F05-DD898EA791A9}.Debug|x64.Build.0 = Debug|Any CPU
		{6E5C7080-BFB0-4F0A-9F05-DD898EA791A9}.Debug|x86.ActiveCfg = Debug|Any CPU
		{6E5C7080-BFB0-4F0A-9F05-DD898EA791A9}.Debug|x86.Build.0 = Debug|Any CPU
		{6E5C7080-BFB0-4F0A-9F05-DD898EA791A9}.Release|Any CPU.ActiveCfg = Release|Any CPU
		{6E5C7080-BFB0-4F0A-9F05-DD898EA791A9}.Release|Any CPU.Build.0 = Release|Any CPU
		{6E5C7080-BFB0-4F0A-9F05-DD898EA791A9}.Release|x64.ActiveCfg = Release|Any CPU
		{6E5C7080-BFB0-4F0A-9F05-DD898EA791A9}.Release|x64.Build.0 = Release|Any CPU
		{6E5C7080-BFB0-4F0A-9F05-DD898EA791A9}.Release|x86.ActiveCfg = Release|Any CPU
		{6E5C7080-BFB0-4F0A-9F05-DD898EA791A9}.Release|x86.Build.0 = Release|Any CPU
		{B2FD9C19-DFFF-48A1-92A2-0A1B2D0EA825}.Debug|Any CPU.ActiveCfg = Debug|Any CPU
		{B2FD9C19-DFFF-48A1-92A2-0A1B2D0EA825}.Debug|Any CPU.Build.0 = Debug|Any CPU
		{B2FD9C19-DFFF-48A1-92A2-0A1B2D0EA825}.Debug|x64.ActiveCfg = Debug|Any CPU
		{B2FD9C19-DFFF-48A1-92A2-0A1B2D0EA825}.Debug|x64.Build.0 = Debug|Any CPU
		{B2FD9C19-DFFF-48A1-92A2-0A1B2D0EA825}.Debug|x86.ActiveCfg = Debug|Any CPU
		{B2FD9C19-DFFF-48A1-92A2-0A1B2D0EA825}.Debug|x86.Build.0 = Debug|Any CPU
		{B2FD9C19-DFFF-48A1-92A2-0A1B2D0EA825}.Release|Any CPU.ActiveCfg = Release|Any CPU
		{B2FD9C19-DFFF-48A1-92A2-0A1B2D0EA825}.Release|Any CPU.Build.0 = Release|Any CPU
		{B2FD9C19-DFFF-48A1-92A2-0A1B2D0EA825}.Release|x64.ActiveCfg = Release|Any CPU
		{B2FD9C19-DFFF-48A1-92A2-0A1B2D0EA825}.Release|x64.Build.0 = Release|Any CPU
		{B2FD9C19-DFFF-48A1-92A2-0A1B2D0EA825}.Release|x86.ActiveCfg = Release|Any CPU
		{B2FD9C19-DFFF-48A1-92A2-0A1B2D0EA825}.Release|x86.Build.0 = Release|Any CPU
		{646D0708-98C1-4652-B855-2165ED690A0B}.Debug|Any CPU.ActiveCfg = Debug|Any CPU
		{646D0708-98C1-4652-B855-2165ED690A0B}.Debug|Any CPU.Build.0 = Debug|Any CPU
		{646D0708-98C1-4652-B855-2165ED690A0B}.Debug|x64.ActiveCfg = Debug|Any CPU
		{646D0708-98C1-4652-B855-2165ED690A0B}.Debug|x64.Build.0 = Debug|Any CPU
		{646D0708-98C1-4652-B855-2165ED690A0B}.Debug|x86.ActiveCfg = Debug|Any CPU
		{646D0708-98C1-4652-B855-2165ED690A0B}.Debug|x86.Build.0 = Debug|Any CPU
		{646D0708-98C1-4652-B855-2165ED690A0B}.Release|Any CPU.ActiveCfg = Release|Any CPU
		{646D0708-98C1-4652-B855-2165ED690A0B}.Release|Any CPU.Build.0 = Release|Any CPU
		{646D0708-98C1-4652-B855-2165ED690A0B}.Release|x64.ActiveCfg = Release|Any CPU
		{646D0708-98C1-4652-B855-2165ED690A0B}.Release|x64.Build.0 = Release|Any CPU
		{646D0708-98C1-4652-B855-2165ED690A0B}.Release|x86.ActiveCfg = Release|Any CPU
		{646D0708-98C1-4652-B855-2165ED690A0B}.Release|x86.Build.0 = Release|Any CPU
	EndGlobalSection
	GlobalSection(SolutionProperties) = preSolution
		HideSolutionNode = FALSE
	EndGlobalSection
	GlobalSection(ExtensibilityGlobals) = postSolution
		SolutionGuid = {3FB4E7AB-FE9E-450A-9093-05E8336A4885}
	EndGlobalSection
EndGlobal
